{
  "version": 4,
  "terraform_version": "1.0.11",
  "serial": 18,
  "lineage": "a16b19e5-7085-9941-1507-625a2e1abad5",
  "outputs": {
    "nlb_public_ip": {
      "value": "http://34.140.71.36/",
      "type": "string"
    },
    "public_ip": {
      "value": [
        {
          "access_config": [
            {
              "nat_ip": "35.205.61.98",
              "network_tier": "PREMIUM",
              "public_ptr_domain_name": ""
            }
          ],
          "alias_ip_range": [],
          "ipv6_access_config": [],
          "ipv6_access_type": "",
          "name": "nic0",
          "network": "https://www.googleapis.com/compute/v1/projects/terraform-335122/global/networks/default",
          "network_ip": "10.132.0.3",
          "nic_type": "",
          "queue_count": 0,
          "stack_type": "IPV4_ONLY",
          "subnetwork": "https://www.googleapis.com/compute/v1/projects/terraform-335122/regions/europe-west1/subnetworks/default",
          "subnetwork_project": "terraform-335122"
        }
      ],
      "type": [
        "list",
        [
          "object",
          {
            "access_config": [
              "list",
              [
                "object",
                {
                  "nat_ip": "string",
                  "network_tier": "string",
                  "public_ptr_domain_name": "string"
                }
              ]
            ],
            "alias_ip_range": [
              "list",
              [
                "object",
                {
                  "ip_cidr_range": "string",
                  "subnetwork_range_name": "string"
                }
              ]
            ],
            "ipv6_access_config": [
              "list",
              [
                "object",
                {
                  "external_ipv6": "string",
                  "external_ipv6_prefix_length": "string",
                  "network_tier": "string",
                  "public_ptr_domain_name": "string"
                }
              ]
            ],
            "ipv6_access_type": "string",
            "name": "string",
            "network": "string",
            "network_ip": "string",
            "nic_type": "string",
            "queue_count": "number",
            "stack_type": "string",
            "subnetwork": "string",
            "subnetwork_project": "string"
          }
        ]
      ]
    }
  },
  "resources": [
    {
      "mode": "data",
      "type": "google_compute_network",
      "name": "example-net",
      "provider": "provider[\"registry.terraform.io/hashicorp/google\"]",
      "instances": [
        {
          "schema_version": 0,
          "attributes": {
            "description": "Default network for the project",
            "gateway_ipv4": "",
            "id": "projects/terraform-335122/global/networks/default",
            "name": "default",
            "project": null,
            "self_link": "https://www.googleapis.com/compute/v1/projects/terraform-335122/global/networks/default",
            "subnetworks_self_links": [
              "https://www.googleapis.com/compute/v1/projects/terraform-335122/regions/us-west2/subnetworks/default",
              "https://www.googleapis.com/compute/v1/projects/terraform-335122/regions/asia-northeast3/subnetworks/default",
              "https://www.googleapis.com/compute/v1/projects/terraform-335122/regions/asia-northeast1/subnetworks/default",
              "https://www.googleapis.com/compute/v1/projects/terraform-335122/regions/us-central1/subnetworks/default",
              "https://www.googleapis.com/compute/v1/projects/terraform-335122/regions/us-east4/subnetworks/default",
              "https://www.googleapis.com/compute/v1/projects/terraform-335122/regions/australia-southeast2/subnetworks/default",
              "https://www.googleapis.com/compute/v1/projects/terraform-335122/regions/europe-west3/subnetworks/default",
              "https://www.googleapis.com/compute/v1/projects/terraform-335122/regions/asia-east2/subnetworks/default",
              "https://www.googleapis.com/compute/v1/projects/terraform-335122/regions/asia-east1/subnetworks/default",
              "https://www.googleapis.com/compute/v1/projects/terraform-335122/regions/us-east1/subnetworks/default",
              "https://www.googleapis.com/compute/v1/projects/terraform-335122/regions/us-west4/subnetworks/default",
              "https://www.googleapis.com/compute/v1/projects/terraform-335122/regions/asia-northeast2/subnetworks/default",
              "https://www.googleapis.com/compute/v1/projects/terraform-335122/regions/us-west3/subnetworks/default",
              "https://www.googleapis.com/compute/v1/projects/terraform-335122/regions/europe-west2/subnetworks/default",
              "https://www.googleapis.com/compute/v1/projects/terraform-335122/regions/southamerica-east1/subnetworks/default",
              "https://www.googleapis.com/compute/v1/projects/terraform-335122/regions/europe-central2/subnetworks/default",
              "https://www.googleapis.com/compute/v1/projects/terraform-335122/regions/asia-southeast2/subnetworks/default",
              "https://www.googleapis.com/compute/v1/projects/terraform-335122/regions/australia-southeast1/subnetworks/default",
              "https://www.googleapis.com/compute/v1/projects/terraform-335122/regions/europe-west4/subnetworks/default",
              "https://www.googleapis.com/compute/v1/projects/terraform-335122/regions/europe-west6/subnetworks/default",
              "https://www.googleapis.com/compute/v1/projects/terraform-335122/regions/us-west1/subnetworks/default",
              "https://www.googleapis.com/compute/v1/projects/terraform-335122/regions/northamerica-northeast2/subnetworks/default",
              "https://www.googleapis.com/compute/v1/projects/terraform-335122/regions/asia-south1/subnetworks/default",
              "https://www.googleapis.com/compute/v1/projects/terraform-335122/regions/northamerica-northeast1/subnetworks/default",
              "https://www.googleapis.com/compute/v1/projects/terraform-335122/regions/asia-southeast1/subnetworks/default",
              "https://www.googleapis.com/compute/v1/projects/terraform-335122/regions/europe-west1/subnetworks/default",
              "https://www.googleapis.com/compute/v1/projects/terraform-335122/regions/asia-south2/subnetworks/default",
              "https://www.googleapis.com/compute/v1/projects/terraform-335122/regions/europe-north1/subnetworks/default",
              "https://www.googleapis.com/compute/v1/projects/terraform-335122/regions/southamerica-west1/subnetworks/default"
            ]
          },
          "sensitive_attributes": []
        }
      ]
    },
    {
      "mode": "managed",
      "type": "google_compute_autoscaler",
      "name": "example",
      "provider": "provider[\"registry.terraform.io/hashicorp/google\"]",
      "instances": [
        {
          "schema_version": 0,
          "attributes": {
            "autoscaling_policy": [
              {
                "cooldown_period": 60,
                "cpu_utilization": [
                  {
                    "predictive_method": "NONE",
                    "target": 0.7
                  }
                ],
                "load_balancing_utilization": [],
                "max_replicas": 5,
                "metric": [],
                "min_replicas": 2,
                "mode": "ON",
                "scale_in_control": [],
                "scaling_schedules": []
              }
            ],
            "creation_timestamp": "2021-12-14T16:18:30.827-08:00",
            "description": "",
            "id": "projects/terraform-335122/zones/europe-west1-b/autoscalers/example",
            "name": "example",
            "project": "terraform-335122",
            "self_link": "https://www.googleapis.com/compute/v1/projects/terraform-335122/zones/europe-west1-b/autoscalers/example",
            "target": "https://www.googleapis.com/compute/v1/projects/terraform-335122/zones/europe-west1-b/instanceGroupManagers/example",
            "timeouts": null,
            "zone": "https://www.googleapis.com/compute/v1/projects/terraform-335122/zones/europe-west1-b"
          },
          "sensitive_attributes": [],
          "private": "eyJlMmJmYjczMC1lY2FhLTExZTYtOGY4OC0zNDM2M2JjN2M0YzAiOnsiY3JlYXRlIjoyNDAwMDAwMDAwMDAsImRlbGV0ZSI6MjQwMDAwMDAwMDAwLCJ1cGRhdGUiOjI0MDAwMDAwMDAwMH19",
          "dependencies": [
            "data.google_compute_network.example-net",
            "google_compute_instance_group_manager.example",
            "google_compute_instance_template.example"
          ]
        }
      ]
    },
    {
      "mode": "managed",
      "type": "google_compute_firewall",
      "name": "example",
      "provider": "provider[\"registry.terraform.io/hashicorp/google\"]",
      "instances": [
        {
          "schema_version": 1,
          "attributes": {
            "allow": [
              {
                "ports": [
                  "80"
                ],
                "protocol": "tcp"
              }
            ],
            "creation_timestamp": "2021-12-14T15:53:12.344-08:00",
            "deny": [],
            "description": "",
            "destination_ranges": [],
            "direction": "INGRESS",
            "disabled": false,
            "enable_logging": null,
            "id": "projects/terraform-335122/global/firewalls/terraform-example-firewall",
            "log_config": [],
            "name": "terraform-example-firewall",
            "network": "https://www.googleapis.com/compute/v1/projects/terraform-335122/global/networks/default",
            "priority": 1000,
            "project": "terraform-335122",
            "self_link": "https://www.googleapis.com/compute/v1/projects/terraform-335122/global/firewalls/terraform-example-firewall",
            "source_ranges": [],
            "source_service_accounts": [],
            "source_tags": [
              "web"
            ],
            "target_service_accounts": [],
            "target_tags": [
              "allow-http"
            ],
            "timeouts": null
          },
          "sensitive_attributes": [],
          "private": "eyJlMmJmYjczMC1lY2FhLTExZTYtOGY4OC0zNDM2M2JjN2M0YzAiOnsiY3JlYXRlIjoyNDAwMDAwMDAwMDAsImRlbGV0ZSI6MjQwMDAwMDAwMDAwLCJ1cGRhdGUiOjI0MDAwMDAwMDAwMH0sInNjaGVtYV92ZXJzaW9uIjoiMSJ9",
          "dependencies": [
            "data.google_compute_network.example-net"
          ]
        }
      ]
    },
    {
      "mode": "managed",
      "type": "google_compute_forwarding_rule",
      "name": "example",
      "provider": "provider[\"registry.terraform.io/hashicorp/google\"]",
      "instances": [
        {
          "schema_version": 0,
          "attributes": {
            "all_ports": false,
            "allow_global_access": false,
            "backend_service": "projects/terraform-335122/regions/europe-west1/backendServices/web-backend",
            "creation_timestamp": "2021-12-14T16:18:42.889-08:00",
            "description": "",
            "id": "projects/terraform-335122/regions/europe-west1/forwardingRules/example-forwarding-rule",
            "ip_address": "34.140.71.36",
            "ip_protocol": "TCP",
            "is_mirroring_collector": false,
            "label_fingerprint": "42WmSpB8rSM=",
            "labels": null,
            "load_balancing_scheme": "EXTERNAL",
            "name": "example-forwarding-rule",
            "network": "",
            "network_tier": "PREMIUM",
            "port_range": "80",
            "ports": null,
            "project": "terraform-335122",
            "region": "europe-west1",
            "self_link": "https://www.googleapis.com/compute/v1/projects/terraform-335122/regions/europe-west1/forwardingRules/example-forwarding-rule",
            "service_label": "",
            "service_name": "",
            "subnetwork": "",
            "target": "",
            "timeouts": null
          },
          "sensitive_attributes": [],
          "private": "eyJlMmJmYjczMC1lY2FhLTExZTYtOGY4OC0zNDM2M2JjN2M0YzAiOnsiY3JlYXRlIjo2MDAwMDAwMDAwMDAsImRlbGV0ZSI6NjAwMDAwMDAwMDAwLCJ1cGRhdGUiOjYwMDAwMDAwMDAwMH19",
          "dependencies": [
            "data.google_compute_network.example-net",
            "google_compute_instance_group_manager.example",
            "google_compute_instance_template.example",
            "google_compute_region_backend_service.example",
            "google_compute_region_health_check.example"
          ]
        }
      ]
    },
    {
      "mode": "managed",
      "type": "google_compute_instance",
      "name": "example",
      "provider": "provider[\"registry.terraform.io/hashicorp/google\"]",
      "instances": [
        {
          "schema_version": 6,
          "attributes": {
            "advanced_machine_features": [],
            "allow_stopping_for_update": null,
            "attached_disk": [],
            "boot_disk": [
              {
                "auto_delete": true,
                "device_name": "persistent-disk-0",
                "disk_encryption_key_raw": "",
                "disk_encryption_key_sha256": "",
                "initialize_params": [
                  {
                    "image": "https://www.googleapis.com/compute/v1/projects/debian-cloud/global/images/debian-10-buster-v20211209",
                    "labels": {},
                    "size": 10,
                    "type": "pd-standard"
                  }
                ],
                "kms_key_self_link": "",
                "mode": "READ_WRITE",
                "source": "https://www.googleapis.com/compute/v1/projects/terraform-335122/zones/europe-west1-b/disks/example"
              }
            ],
            "can_ip_forward": false,
            "confidential_instance_config": [],
            "cpu_platform": "Intel Haswell",
            "current_status": "RUNNING",
            "deletion_protection": false,
            "description": "",
            "desired_status": null,
            "enable_display": false,
            "guest_accelerator": [],
            "hostname": "",
            "id": "projects/terraform-335122/zones/europe-west1-b/instances/example",
            "instance_id": "6518275120188133520",
            "label_fingerprint": "42WmSpB8rSM=",
            "labels": {},
            "machine_type": "f1-micro",
            "metadata": {},
            "metadata_fingerprint": "KgeFusMPrOo=",
            "metadata_startup_script": "#!/bin/bash\nsudo apt-get update\nsudo apt-get install -y apache2\necho \"Hello, World!\" | sudo tee /var/www/html/index.html\nsudo systemctl restart apache2",
            "min_cpu_platform": "",
            "name": "example",
            "network_interface": [
              {
                "access_config": [
                  {
                    "nat_ip": "35.205.61.98",
                    "network_tier": "PREMIUM",
                    "public_ptr_domain_name": ""
                  }
                ],
                "alias_ip_range": [],
                "ipv6_access_config": [],
                "ipv6_access_type": "",
                "name": "nic0",
                "network": "https://www.googleapis.com/compute/v1/projects/terraform-335122/global/networks/default",
                "network_ip": "10.132.0.3",
                "nic_type": "",
                "queue_count": 0,
                "stack_type": "IPV4_ONLY",
                "subnetwork": "https://www.googleapis.com/compute/v1/projects/terraform-335122/regions/europe-west1/subnetworks/default",
                "subnetwork_project": "terraform-335122"
              }
            ],
            "project": "terraform-335122",
            "reservation_affinity": [],
            "resource_policies": [],
            "scheduling": [
              {
                "automatic_restart": true,
                "min_node_cpus": 0,
                "node_affinities": [],
                "on_host_maintenance": "MIGRATE",
                "preemptible": false
              }
            ],
            "scratch_disk": [],
            "self_link": "https://www.googleapis.com/compute/v1/projects/terraform-335122/zones/europe-west1-b/instances/example",
            "service_account": [],
            "shielded_instance_config": [
              {
                "enable_integrity_monitoring": true,
                "enable_secure_boot": false,
                "enable_vtpm": true
              }
            ],
            "tags": [
              "allow-http"
            ],
            "tags_fingerprint": "6cm263NBGlo=",
            "timeouts": null,
            "zone": "europe-west1-b"
          },
          "sensitive_attributes": [],
          "private": "eyJlMmJmYjczMC1lY2FhLTExZTYtOGY4OC0zNDM2M2JjN2M0YzAiOnsiY3JlYXRlIjoxMjAwMDAwMDAwMDAwLCJkZWxldGUiOjEyMDAwMDAwMDAwMDAsInVwZGF0ZSI6MTIwMDAwMDAwMDAwMH0sInNjaGVtYV92ZXJzaW9uIjoiNiJ9",
          "dependencies": [
            "data.google_compute_network.example-net"
          ]
        }
      ]
    },
    {
      "mode": "managed",
      "type": "google_compute_instance_group_manager",
      "name": "example",
      "provider": "provider[\"registry.terraform.io/hashicorp/google\"]",
      "instances": [
        {
          "schema_version": 0,
          "attributes": {
            "auto_healing_policies": [],
            "base_instance_name": "example",
            "description": "",
            "fingerprint": "NaHVMRUwSs0=",
            "id": "projects/terraform-335122/zones/europe-west1-b/instanceGroupManagers/example",
            "instance_group": "https://www.googleapis.com/compute/v1/projects/terraform-335122/zones/europe-west1-b/instanceGroups/example",
            "name": "example",
            "named_port": [],
            "operation": null,
            "project": "terraform-335122",
            "self_link": "https://www.googleapis.com/compute/v1/projects/terraform-335122/zones/europe-west1-b/instanceGroupManagers/example",
            "stateful_disk": [],
            "status": [
              {
                "is_stable": false,
                "stateful": [
                  {
                    "has_stateful_config": false,
                    "per_instance_configs": [
                      {
                        "all_effective": true
                      }
                    ]
                  }
                ],
                "version_target": [
                  {
                    "is_reached": true
                  }
                ]
              }
            ],
            "target_pools": null,
            "target_size": 2,
            "timeouts": null,
            "update_policy": [
              {
                "max_surge_fixed": 1,
                "max_surge_percent": 0,
                "max_unavailable_fixed": 1,
                "max_unavailable_percent": 0,
                "minimal_action": "REPLACE",
                "replacement_method": "SUBSTITUTE",
                "type": "OPPORTUNISTIC"
              }
            ],
            "version": [
              {
                "instance_template": "https://www.googleapis.com/compute/v1/projects/terraform-335122/global/instanceTemplates/example",
                "name": "",
                "target_size": []
              }
            ],
            "wait_for_instances": false,
            "wait_for_instances_status": "STABLE",
            "zone": "europe-west1-b"
          },
          "sensitive_attributes": [],
          "private": "eyJlMmJmYjczMC1lY2FhLTExZTYtOGY4OC0zNDM2M2JjN2M0YzAiOnsiY3JlYXRlIjo5MDAwMDAwMDAwMDAsImRlbGV0ZSI6OTAwMDAwMDAwMDAwLCJ1cGRhdGUiOjkwMDAwMDAwMDAwMH19",
          "dependencies": [
            "data.google_compute_network.example-net",
            "google_compute_instance_template.example"
          ]
        }
      ]
    },
    {
      "mode": "managed",
      "type": "google_compute_instance_template",
      "name": "example",
      "provider": "provider[\"registry.terraform.io/hashicorp/google\"]",
      "instances": [
        {
          "schema_version": 1,
          "attributes": {
            "advanced_machine_features": [],
            "can_ip_forward": false,
            "confidential_instance_config": null,
            "description": "",
            "disk": [
              {
                "auto_delete": true,
                "boot": true,
                "device_name": "persistent-disk-0",
                "disk_encryption_key": [],
                "disk_name": "",
                "disk_size_gb": 0,
                "disk_type": "pd-standard",
                "interface": "SCSI",
                "labels": null,
                "mode": "READ_WRITE",
                "resource_policies": null,
                "source": "",
                "source_image": "projects/debian-cloud/global/images/family/debian-10",
                "type": "PERSISTENT"
              }
            ],
            "guest_accelerator": [],
            "id": "projects/terraform-335122/global/instanceTemplates/example",
            "instance_description": "",
            "labels": null,
            "machine_type": "f1-micro",
            "metadata": null,
            "metadata_fingerprint": "KgeFusMPrOo=",
            "metadata_startup_script": "#!/bin/bash\nsudo apt-get update\nsudo apt-get install -y apache2\necho \"Hello, World!\" | sudo tee /var/www/html/index.html\nsudo systemctl restart apache2",
            "min_cpu_platform": "",
            "name": "example",
            "name_prefix": null,
            "network_interface": [
              {
                "access_config": [
                  {
                    "nat_ip": "",
                    "network_tier": "PREMIUM",
                    "public_ptr_domain_name": ""
                  }
                ],
                "alias_ip_range": [],
                "ipv6_access_config": [],
                "ipv6_access_type": "",
                "name": "nic0",
                "network": "https://www.googleapis.com/compute/v1/projects/terraform-335122/global/networks/default",
                "network_ip": "",
                "nic_type": "",
                "queue_count": 0,
                "stack_type": "",
                "subnetwork": "",
                "subnetwork_project": ""
              }
            ],
            "project": "terraform-335122",
            "region": null,
            "reservation_affinity": [],
            "scheduling": [
              {
                "automatic_restart": true,
                "min_node_cpus": 0,
                "node_affinities": [],
                "on_host_maintenance": "MIGRATE",
                "preemptible": false
              }
            ],
            "self_link": "https://www.googleapis.com/compute/v1/projects/terraform-335122/global/instanceTemplates/example",
            "service_account": [],
            "shielded_instance_config": [],
            "tags": [
              "allow-http"
            ],
            "tags_fingerprint": "",
            "timeouts": null
          },
          "sensitive_attributes": [],
          "private": "eyJlMmJmYjczMC1lY2FhLTExZTYtOGY4OC0zNDM2M2JjN2M0YzAiOnsiY3JlYXRlIjoyNDAwMDAwMDAwMDAsImRlbGV0ZSI6MjQwMDAwMDAwMDAwfSwic2NoZW1hX3ZlcnNpb24iOiIxIn0=",
          "dependencies": [
            "data.google_compute_network.example-net"
          ],
          "create_before_destroy": true
        }
      ]
    },
    {
      "mode": "managed",
      "type": "google_compute_region_backend_service",
      "name": "example",
      "provider": "provider[\"registry.terraform.io/hashicorp/google\"]",
      "instances": [
        {
          "schema_version": 1,
          "attributes": {
            "affinity_cookie_ttl_sec": 0,
            "backend": [
              {
                "balancing_mode": "CONNECTION",
                "capacity_scaler": 0,
                "description": "",
                "failover": false,
                "group": "https://www.googleapis.com/compute/v1/projects/terraform-335122/zones/europe-west1-b/instanceGroups/example",
                "max_connections": 0,
                "max_connections_per_endpoint": 0,
                "max_connections_per_instance": 0,
                "max_rate": 0,
                "max_rate_per_endpoint": 0,
                "max_rate_per_instance": 0,
                "max_utilization": 0
              }
            ],
            "cdn_policy": [],
            "circuit_breakers": [],
            "connection_draining_timeout_sec": 0,
            "consistent_hash": [],
            "creation_timestamp": "2021-12-14T16:18:30.892-08:00",
            "description": "",
            "enable_cdn": false,
            "failover_policy": [],
            "fingerprint": "FCB5Wcf4k1c=",
            "health_checks": [
              "projects/terraform-335122/regions/europe-west1/healthChecks/example-check"
            ],
            "iap": [],
            "id": "projects/terraform-335122/regions/europe-west1/backendServices/web-backend",
            "load_balancing_scheme": "EXTERNAL",
            "locality_lb_policy": "",
            "log_config": [],
            "name": "web-backend",
            "network": "",
            "outlier_detection": [],
            "port_name": "http",
            "project": "terraform-335122",
            "protocol": "TCP",
            "region": "europe-west1",
            "self_link": "https://www.googleapis.com/compute/v1/projects/terraform-335122/regions/europe-west1/backendServices/web-backend",
            "session_affinity": "NONE",
            "timeout_sec": 10,
            "timeouts": null
          },
          "sensitive_attributes": [],
          "private": "eyJlMmJmYjczMC1lY2FhLTExZTYtOGY4OC0zNDM2M2JjN2M0YzAiOnsiY3JlYXRlIjoyNDAwMDAwMDAwMDAsImRlbGV0ZSI6MjQwMDAwMDAwMDAwLCJ1cGRhdGUiOjI0MDAwMDAwMDAwMH0sInNjaGVtYV92ZXJzaW9uIjoiMSJ9",
          "dependencies": [
            "data.google_compute_network.example-net",
            "google_compute_instance_group_manager.example",
            "google_compute_instance_template.example",
            "google_compute_region_health_check.example"
          ]
        }
      ]
    },
    {
      "mode": "managed",
      "type": "google_compute_region_health_check",
      "name": "example",
      "provider": "provider[\"registry.terraform.io/hashicorp/google\"]",
      "instances": [
        {
          "schema_version": 0,
          "attributes": {
            "check_interval_sec": 1,
            "creation_timestamp": "2021-12-14T16:17:46.228-08:00",
            "description": "",
            "grpc_health_check": [],
            "healthy_threshold": 2,
            "http2_health_check": [],
            "http_health_check": [],
            "https_health_check": [],
            "id": "projects/terraform-335122/regions/europe-west1/healthChecks/example-check",
            "log_config": [
              {
                "enable": false
              }
            ],
            "name": "example-check",
            "project": "terraform-335122",
            "region": "europe-west1",
            "self_link": "https://www.googleapis.com/compute/v1/projects/terraform-335122/regions/europe-west1/healthChecks/example-check",
            "ssl_health_check": [],
            "tcp_health_check": [
              {
                "port": 80,
                "port_name": "",
                "port_specification": "",
                "proxy_header": "NONE",
                "request": "",
                "response": ""
              }
            ],
            "timeout_sec": 1,
            "timeouts": null,
            "type": "TCP",
            "unhealthy_threshold": 2
          },
          "sensitive_attributes": [],
          "private": "eyJlMmJmYjczMC1lY2FhLTExZTYtOGY4OC0zNDM2M2JjN2M0YzAiOnsiY3JlYXRlIjoyNDAwMDAwMDAwMDAsImRlbGV0ZSI6MjQwMDAwMDAwMDAwLCJ1cGRhdGUiOjI0MDAwMDAwMDAwMH19"
        }
      ]
    }
  ]
}
